
Microsoft Visual Studio Solution File, Format Version 12.00
# Visual Studio 15
VisualStudioVersion = 15.0.27703.2026
MinimumVisualStudioVersion = 10.0.40219.1
Project("{FAE04EC0-301F-11D3-BF4B-00C04F79EFBC}") = "ProteriaWeb", "ProteriaWeb\ProteriaWeb.csproj", "{CF374EF2-5C54-4901-8CDD-6B9ABC3942C3}"
EndProject
Global
	GlobalSection(SolutionConfigurationPlatforms) = preSolution
		Debug|Any CPU = Debug|Any CPU
		Release|Any CPU = Release|Any CPU
	EndGlobalSection
	GlobalSection(ProjectConfigurationPlatforms) = postSolution
		{CF374EF2-5C54-4901-8CDD-6B9ABC3942C3}.Debug|Any CPU.ActiveCfg = Debug|Any CPU
		{CF374EF2-5C54-4901-8CDD-6B9ABC3942C3}.Debug|Any CPU.Build.0 = Debug|Any CPU
		{CF374EF2-5C54-4901-8CDD-6B9ABC3942C3}.Release|Any CPU.ActiveCfg = Release|Any CPU
		{CF374EF2-5C54-4901-8CDD-6B9ABC3942C3}.Release|Any CPU.Build.0 = Release|Any CPU
	EndGlobalSection
	GlobalSection(SolutionProperties) = preSolution
		HideSolutionNode = FALSE
	EndGlobalSection
	GlobalSection(ExtensibilityGlobals) = postSolution
		SolutionGuid = {47FB1A03-44ED-4A93-963D-EB34E84977ED}
	EndGlobalSection
EndGlobal
